// !$*UTF8*$!
{
	archiveVersion = 1;
	classes = {
	};
	objectVersion = 56;
	objects = {

/* Begin PBXBuildFile section */
		085DDE1864BCDAF3DF722EF1 /* Pods_modul_15.framework in Frameworks */ = {isa = PBXBuildFile; fileRef = 6CB0E5359748D5D2A8080498 /* Pods_modul_15.framework */; };
		846F1B172BCF838800707FCE /* UserTableViewCell.swift in Sources */ = {isa = PBXBuildFile; fileRef = 846F1B162BCF838800707FCE /* UserTableViewCell.swift */; };
		846F1B192BCF937B00707FCE /* User.swift in Sources */ = {isa = PBXBuildFile; fileRef = 846F1B182BCF937B00707FCE /* User.swift */; };
		846F1B1B2BCFE9D700707FCE /* Constant.swift in Sources */ = {isa = PBXBuildFile; fileRef = 846F1B1A2BCFE9D700707FCE /* Constant.swift */; };
		8487A6312BCEA32100C226F0 /* AppDelegate.swift in Sources */ = {isa = PBXBuildFile; fileRef = 8487A6302BCEA32100C226F0 /* AppDelegate.swift */; };
		8487A6332BCEA32100C226F0 /* SceneDelegate.swift in Sources */ = {isa = PBXBuildFile; fileRef = 8487A6322BCEA32100C226F0 /* SceneDelegate.swift */; };
		8487A6352BCEA32100C226F0 /* ViewController.swift in Sources */ = {isa = PBXBuildFile; fileRef = 8487A6342BCEA32100C226F0 /* ViewController.swift */; };
		8487A6382BCEA32100C226F0 /* Main.storyboard in Resources */ = {isa = PBXBuildFile; fileRef = 8487A6362BCEA32100C226F0 /* Main.storyboard */; };
		8487A63A2BCEA32300C226F0 /* Assets.xcassets in Resources */ = {isa = PBXBuildFile; fileRef = 8487A6392BCEA32300C226F0 /* Assets.xcassets */; };
		8487A63D2BCEA32300C226F0 /* LaunchScreen.storyboard in Resources */ = {isa = PBXBuildFile; fileRef = 8487A63B2BCEA32300C226F0 /* LaunchScreen.storyboard */; };
/* End PBXBuildFile section */

/* Begin PBXBuildRule section */
		846F1B152BCED4ED00707FCE /* PBXBuildRule */ = {
			isa = PBXBuildRule;
			compilerSpec = com.apple.compilers.proxy.script;
			fileType = pattern.proxy;
			inputFiles = (
			);
			isEditable = 1;
			outputFiles = (
			);
			script = "# Type a script or drag a script file from your workspace to insert its path.\n";
		};
/* End PBXBuildRule section */

/* Begin PBXFileReference section */
		6CB0E5359748D5D2A8080498 /* Pods_modul_15.framework */ = {isa = PBXFileReference; explicitFileType = wrapper.framework; includeInIndex = 0; path = Pods_modul_15.framework; sourceTree = BUILT_PRODUCTS_DIR; };
		846F1B162BCF838800707FCE /* UserTableViewCell.swift */ = {isa = PBXFileReference; lastKnownFileType = sourcecode.swift; path = UserTableViewCell.swift; sourceTree = "<group>"; };
		846F1B182BCF937B00707FCE /* User.swift */ = {isa = PBXFileReference; lastKnownFileType = sourcecode.swift; path = User.swift; sourceTree = "<group>"; };
		846F1B1A2BCFE9D700707FCE /* Constant.swift */ = {isa = PBXFileReference; lastKnownFileType = sourcecode.swift; path = Constant.swift; sourceTree = "<group>"; };
		8487A62D2BCEA32100C226F0 /* modul_15.app */ = {isa = PBXFileReference; explicitFileType = wrapper.application; includeInIndex = 0; path = modul_15.app; sourceTree = BUILT_PRODUCTS_DIR; };
		8487A6302BCEA32100C226F0 /* AppDelegate.swift */ = {isa = PBXFileReference; lastKnownFileType = sourcecode.swift; path = AppDelegate.swift; sourceTree = "<group>"; };
		8487A6322BCEA32100C226F0 /* SceneDelegate.swift */ = {isa = PBXFileReference; lastKnownFileType = sourcecode.swift; path = SceneDelegate.swift; sourceTree = "<group>"; };
		8487A6342BCEA32100C226F0 /* ViewController.swift */ = {isa = PBXFileReference; lastKnownFileType = sourcecode.swift; path = ViewController.swift; sourceTree = "<group>"; };
		8487A6372BCEA32100C226F0 /* Base */ = {isa = PBXFileReference; lastKnownFileType = file.storyboard; name = Base; path = Base.lproj/Main.storyboard; sourceTree = "<group>"; };
		8487A6392BCEA32300C226F0 /* Assets.xcassets */ = {isa = PBXFileReference; lastKnownFileType = folder.assetcatalog; path = Assets.xcassets; sourceTree = "<group>"; };
		8487A63C2BCEA32300C226F0 /* Base */ = {isa = PBXFileReference; lastKnownFileType = file.storyboard; name = Base; path = Base.lproj/LaunchScreen.storyboard; sourceTree = "<group>"; };
		8487A63E2BCEA32300C226F0 /* Info.plist */ = {isa = PBXFileReference; lastKnownFileType = text.plist.xml; path = Info.plist; sourceTree = "<group>"; };
		85E3FBD667C2966F522A7051 /* Pods-modul_15.debug.xcconfig */ = {isa = PBXFileReference; includeInIndex = 1; lastKnownFileType = text.xcconfig; name = "Pods-modul_15.debug.xcconfig"; path = "Target Support Files/Pods-modul_15/Pods-modul_15.debug.xcconfig"; sourceTree = "<group>"; };
		9C5A677D5C55F3242C909BFF /* Pods-modul_15.release.xcconfig */ = {isa = PBXFileReference; includeInIndex = 1; lastKnownFileType = text.xcconfig; name = "Pods-modul_15.release.xcconfig"; path = "Target Support Files/Pods-modul_15/Pods-modul_15.release.xcconfig"; sourceTree = "<group>"; };
/* End PBXFileReference section */

/* Begin PBXFrameworksBuildPhase section */
		8487A62A2BCEA32100C226F0 /* Frameworks */ = {
			isa = PBXFrameworksBuildPhase;
			buildActionMask = 2147483647;
			files = (
				085DDE1864BCDAF3DF722EF1 /* Pods_modul_15.framework in Frameworks */,
			);
			runOnlyForDeploymentPostprocessing = 0;
		};
/* End PBXFrameworksBuildPhase section */

/* Begin PBXGroup section */
		1786CDF9956FBC597F3BAF0D /* Frameworks */ = {
			isa = PBXGroup;
			children = (
				6CB0E5359748D5D2A8080498 /* Pods_modul_15.framework */,
			);
			name = Frameworks;
			sourceTree = "<group>";
		};
		8487A6242BCEA32100C226F0 = {
			isa = PBXGroup;
			children = (
				8487A62F2BCEA32100C226F0 /* modul_15 */,
				8487A62E2BCEA32100C226F0 /* Products */,
				D511417CA636EA0DAEC017BC /* Pods */,
				1786CDF9956FBC597F3BAF0D /* Frameworks */,
			);
			sourceTree = "<group>";
		};
		8487A62E2BCEA32100C226F0 /* Products */ = {
			isa = PBXGroup;
			children = (
				8487A62D2BCEA32100C226F0 /* modul_15.app */,
			);
			name = Products;
			sourceTree = "<group>";
		};
		8487A62F2BCEA32100C226F0 /* modul_15 */ = {
			isa = PBXGroup;
			children = (
				8487A6302BCEA32100C226F0 /* AppDelegate.swift */,
				8487A6322BCEA32100C226F0 /* SceneDelegate.swift */,
				8487A6342BCEA32100C226F0 /* ViewController.swift */,
				846F1B162BCF838800707FCE /* UserTableViewCell.swift */,
				846F1B182BCF937B00707FCE /* User.swift */,
				846F1B1A2BCFE9D700707FCE /* Constant.swift */,
				8487A6362BCEA32100C226F0 /* Main.storyboard */,
				8487A6392BCEA32300C226F0 /* Assets.xcassets */,
				8487A63B2BCEA32300C226F0 /* LaunchScreen.storyboard */,
				8487A63E2BCEA32300C226F0 /* Info.plist */,
			);
			path = modul_15;
			sourceTree = "<group>";
		};
		D511417CA636EA0DAEC017BC /* Pods */ = {
			isa = PBXGroup;
			children = (
				85E3FBD667C2966F522A7051 /* Pods-modul_15.debug.xcconfig */,
				9C5A677D5C55F3242C909BFF /* Pods-modul_15.release.xcconfig */,
			);
			path = Pods;
			sourceTree = "<group>";
		};
/* End PBXGroup section */

/* Begin PBXNativeTarget section */
		8487A62C2BCEA32100C226F0 /* modul_15 */ = {
			isa = PBXNativeTarget;
			buildConfigurationList = 8487A6412BCEA32300C226F0 /* Build configuration list for PBXNativeTarget "modul_15" */;
			buildPhases = (
				A3775015381F684A1617994C /* [CP] Check Pods Manifest.lock */,
				8487A6292BCEA32100C226F0 /* Sources */,
				8487A62A2BCEA32100C226F0 /* Frameworks */,
				8487A62B2BCEA32100C226F0 /* Resources */,
				A1B9BAA35E60A891C2A87A15 /* [CP] Embed Pods Frameworks */,
			);
			buildRules = (
				846F1B152BCED4ED00707FCE /* PBXBuildRule */,
			);
			dependencies = (
			);
			name = modul_15;
			productName = modul_15;
			productReference = 8487A62D2BCEA32100C226F0 /* modul_15.app */;
			productType = "com.apple.product-type.application";
		};
/* End PBXNativeTarget section */

/* Begin PBXProject section */
		8487A6252BCEA32100C226F0 /* Project object */ = {
			isa = PBXProject;
			attributes = {
				BuildIndependentTargetsInParallel = 1;
				KnownAssetTags = (
					New,
				);
				LastSwiftUpdateCheck = 1420;
				LastUpgradeCheck = 1420;
				TargetAttributes = {
					8487A62C2BCEA32100C226F0 = {
						CreatedOnToolsVersion = 14.2;
					};
				};
			};
			buildConfigurationList = 8487A6282BCEA32100C226F0 /* Build configuration list for PBXProject "modul_15" */;
			compatibilityVersion = "Xcode 14.0";
			developmentRegion = en;
			hasScannedForEncodings = 0;
			knownRegions = (
				en,
				Base,
			);
			mainGroup = 8487A6242BCEA32100C226F0;
			productRefGroup = 8487A62E2BCEA32100C226F0 /* Products */;
			projectDirPath = "";
			projectRoot = "";
			targets = (
				8487A62C2BCEA32100C226F0 /* modul_15 */,
			);
		};
/* End PBXProject section */

/* Begin PBXResourcesBuildPhase section */
		8487A62B2BCEA32100C226F0 /* Resources */ = {
			isa = PBXResourcesBuildPhase;
			buildActionMask = 2147483647;
			files = (
				8487A63D2BCEA32300C226F0 /* LaunchScreen.storyboard in Resources */,
				8487A63A2BCEA32300C226F0 /* Assets.xcassets in Resources */,
				8487A6382BCEA32100C226F0 /* Main.storyboard in Resources */,
			);
			runOnlyForDeploymentPostprocessing = 0;
		};
/* End PBXResourcesBuildPhase section */

/* Begin PBXShellScriptBuildPhase section */
		A1B9BAA35E60A891C2A87A15 /* [CP] Embed Pods Frameworks */ = {
			isa = PBXShellScriptBuildPhase;
			buildActionMask = 2147483647;
			files = (
			);
			inputFileListPaths = (
				"${PODS_ROOT}/Target Support Files/Pods-modul_15/Pods-modul_15-frameworks-${CONFIGURATION}-input-files.xcfilelist",
			);
			name = "[CP] Embed Pods Frameworks";
			outputFileListPaths = (
				"${PODS_ROOT}/Target Support Files/Pods-modul_15/Pods-modul_15-frameworks-${CONFIGURATION}-output-files.xcfilelist",
			);
			runOnlyForDeploymentPostprocessing = 0;
			shellPath = /bin/sh;
			shellScript = "\"${PODS_ROOT}/Target Support Files/Pods-modul_15/Pods-modul_15-frameworks.sh\"\n";
			showEnvVarsInLog = 0;
		};
		A3775015381F684A1617994C /* [CP] Check Pods Manifest.lock */ = {
			isa = PBXShellScriptBuildPhase;
			buildActionMask = 2147483647;
			files = (
			);
			inputFileListPaths = (
			);
			inputPaths = (
				"${PODS_PODFILE_DIR_PATH}/Podfile.lock",
				"${PODS_ROOT}/Manifest.lock",
			);
			name = "[CP] Check Pods Manifest.lock";
			outputFileListPaths = (
			);
			outputPaths = (
				"$(DERIVED_FILE_DIR)/Pods-modul_15-checkManifestLockResult.txt",
			);
			runOnlyForDeploymentPostprocessing = 0;
			shellPath = /bin/sh;
			shellScript = "diff \"${PODS_PODFILE_DIR_PATH}/Podfile.lock\" \"${PODS_ROOT}/Manifest.lock\" > /dev/null\nif [ $? != 0 ] ; then\n    # print error to STDERR\n    echo \"error: The sandbox is not in sync with the Podfile.lock. Run 'pod install' or update your CocoaPods installation.\" >&2\n    exit 1\nfi\n# This output is used by Xcode 'outputs' to avoid re-running this script phase.\necho \"SUCCESS\" > \"${SCRIPT_OUTPUT_FILE_0}\"\n";
			showEnvVarsInLog = 0;
		};
/* End PBXShellScriptBuildPhase section */

/* Begin PBXSourcesBuildPhase section */
		8487A6292BCEA32100C226F0 /* Sources */ = {
			isa = PBXSourcesBuildPhase;
			buildActionMask = 2147483647;
			files = (
				846F1B172BCF838800707FCE /* UserTableViewCell.swift in Sources */,
				8487A6352BCEA32100C226F0 /* ViewController.swift in Sources */,
				8487A6312BCEA32100C226F0 /* AppDelegate.swift in Sources */,
				846F1B192BCF937B00707FCE /* User.swift in Sources */,
				8487A6332BCEA32100C226F0 /* SceneDelegate.swift in Sources */,
				846F1B1B2BCFE9D700707FCE /* Constant.swift in Sources */,
			);
			runOnlyForDeploymentPostprocessing = 0;
		};
/* End PBXSourcesBuildPhase section */

/* Begin PBXVariantGroup section */
		8487A6362BCEA32100C226F0 /* Main.storyboard */ = {
			isa = PBXVariantGroup;
			children = (
				8487A6372BCEA32100C226F0 /* Base */,
			);
			name = Main.storyboard;
			sourceTree = "<group>";
		};
		8487A63B2BCEA32300C226F0 /* LaunchScreen.storyboard */ = {
			isa = PBXVariantGroup;
			children = (
				8487A63C2BCEA32300C226F0 /* Base */,
			);
			name = LaunchScreen.storyboard;
			sourceTree = "<group>";
		};
/* End PBXVariantGroup section */

/* Begin XCBuildConfiguration section */
		8487A63F2BCEA32300C226F0 /* Debug */ = {
			isa = XCBuildConfiguration;
			buildSettings = {
				ALWAYS_SEARCH_USER_PATHS = NO;
				CLANG_ANALYZER_NONNULL = YES;
				CLANG_ANALYZER_NUMBER_OBJECT_CONVERSION = YES_AGGRESSIVE;
				CLANG_CXX_LANGUAGE_STANDARD = "gnu++20";
				CLANG_ENABLE_MODULES = YES;
				CLANG_ENABLE_OBJC_ARC = YES;
				CLANG_ENABLE_OBJC_WEAK = YES;
				CLANG_WARN_BLOCK_CAPTURE_AUTORELEASING = YES;
				CLANG_WARN_BOOL_CONVERSION = YES;
				CLANG_WARN_COMMA = YES;
				CLANG_WARN_CONSTANT_CONVERSION = YES;
				CLANG_WARN_DEPRECATED_OBJC_IMPLEMENTATIONS = YES;
				CLANG_WARN_DIRECT_OBJC_ISA_USAGE = YES_ERROR;
				CLANG_WARN_DOCUMENTATION_COMMENTS = YES;
				CLANG_WARN_EMPTY_BODY = YES;
				CLANG_WARN_ENUM_CONVERSION = YES;
				CLANG_WARN_INFINITE_RECURSION = YES;
				CLANG_WARN_INT_CONVERSION = YES;
				CLANG_WARN_NON_LITERAL_NULL_CONVERSION = YES;
				CLANG_WARN_OBJC_IMPLICIT_RETAIN_SELF = YES;
				CLANG_WARN_OBJC_LITERAL_CONVERSION = YES;
				CLANG_WARN_OBJC_ROOT_CLASS = YES_ERROR;
				CLANG_WARN_QUOTED_INCLUDE_IN_FRAMEWORK_HEADER = YES;
				CLANG_WARN_RANGE_LOOP_ANALYSIS = YES;
				CLANG_WARN_STRICT_PROTOTYPES = YES;
				CLANG_WARN_SUSPICIOUS_MOVE = YES;
				CLANG_WARN_UNGUARDED_AVAILABILITY = YES_AGGRESSIVE;
				CLANG_WARN_UNREACHABLE_CODE = YES;
				CLANG_WARN__DUPLICATE_METHOD_MATCH = YES;
				COPY_PHASE_STRIP = NO;
				DEBUG_INFORMATION_FORMAT = dwarf;
				ENABLE_STRICT_OBJC_MSGSEND = YES;
				ENABLE_TESTABILITY = YES;
				GCC_C_LANGUAGE_STANDARD = gnu11;
				GCC_DYNAMIC_NO_PIC = NO;
				GCC_NO_COMMON_BLOCKS = YES;
				GCC_OPTIMIZATION_LEVEL = 0;
				GCC_PREPROCESSOR_DEFINITIONS = (
					"DEBUG=1",
					"$(inherited)",
				);
				GCC_WARN_64_TO_32_BIT_CONVERSION = YES;
				GCC_WARN_ABOUT_RETURN_TYPE = YES_ERROR;
				GCC_WARN_UNDECLARED_SELECTOR = YES;
				GCC_WARN_UNINITIALIZED_AUTOS = YES_AGGRESSIVE;
				GCC_WARN_UNUSED_FUNCTION = YES;
				GCC_WARN_UNUSED_VARIABLE = YES;
				IPHONEOS_DEPLOYMENT_TARGET = 16.2;
				MTL_ENABLE_DEBUG_INFO = INCLUDE_SOURCE;
				MTL_FAST_MATH = YES;
				ONLY_ACTIVE_ARCH = YES;
				SDKROOT = iphoneos;
				SWIFT_ACTIVE_COMPILATION_CONDITIONS = DEBUG;
				SWIFT_OPTIMIZATION_LEVEL = "-Onone";
			};
			name = Debug;
		};
		8487A6402BCEA32300C226F0 /* Release */ = {
			isa = XCBuildConfiguration;
			buildSettings = {
				ALWAYS_SEARCH_USER_PATHS = NO;
				CLANG_ANALYZER_NONNULL = YES;
				CLANG_ANALYZER_NUMBER_OBJECT_CONVERSION = YES_AGGRESSIVE;
				CLANG_CXX_LANGUAGE_STANDARD = "gnu++20";
				CLANG_ENABLE_MODULES = YES;
				CLANG_ENABLE_OBJC_ARC = YES;
				CLANG_ENABLE_OBJC_WEAK = YES;
				CLANG_WARN_BLOCK_CAPTURE_AUTORELEASING = YES;
				CLANG_WARN_BOOL_CONVERSION = YES;
				CLANG_WARN_COMMA = YES;
				CLANG_WARN_CONSTANT_CONVERSION = YES;
				CLANG_WARN_DEPRECATED_OBJC_IMPLEMENTATIONS = YES;
				CLANG_WARN_DIRECT_OBJC_ISA_USAGE = YES_ERROR;
				CLANG_WARN_DOCUMENTATION_COMMENTS = YES;
				CLANG_WARN_EMPTY_BODY = YES;
				CLANG_WARN_ENUM_CONVERSION = YES;
				CLANG_WARN_INFINITE_RECURSION = YES;
				CLANG_WARN_INT_CONVERSION = YES;
				CLANG_WARN_NON_LITERAL_NULL_CONVERSION = YES;
				CLANG_WARN_OBJC_IMPLICIT_RETAIN_SELF = YES;
				CLANG_WARN_OBJC_LITERAL_CONVERSION = YES;
				CLANG_WARN_OBJC_ROOT_CLASS = YES_ERROR;
				CLANG_WARN_QUOTED_INCLUDE_IN_FRAMEWORK_HEADER = YES;
				CLANG_WARN_RANGE_LOOP_ANALYSIS = YES;
				CLANG_WARN_STRICT_PROTOTYPES = YES;
				CLANG_WARN_SUSPICIOUS_MOVE = YES;
				CLANG_WARN_UNGUARDED_AVAILABILITY = YES_AGGRESSIVE;
				CLANG_WARN_UNREACHABLE_CODE = YES;
				CLANG_WARN__DUPLICATE_METHOD_MATCH = YES;
				COPY_PHASE_STRIP = NO;
				DEBUG_INFORMATION_FORMAT = "dwarf-with-dsym";
				ENABLE_NS_ASSERTIONS = NO;
				ENABLE_STRICT_OBJC_MSGSEND = YES;
				GCC_C_LANGUAGE_STANDARD = gnu11;
				GCC_NO_COMMON_BLOCKS = YES;
				GCC_WARN_64_TO_32_BIT_CONVERSION = YES;
				GCC_WARN_ABOUT_RETURN_TYPE = YES_ERROR;
				GCC_WARN_UNDECLARED_SELECTOR = YES;
				GCC_WARN_UNINITIALIZED_AUTOS = YES_AGGRESSIVE;
				GCC_WARN_UNUSED_FUNCTION = YES;
				GCC_WARN_UNUSED_VARIABLE = YES;
				IPHONEOS_DEPLOYMENT_TARGET = 16.2;
				MTL_ENABLE_DEBUG_INFO = NO;
				MTL_FAST_MATH = YES;
				SDKROOT = iphoneos;
				SWIFT_COMPILATION_MODE = wholemodule;
				SWIFT_OPTIMIZATION_LEVEL = "-O";
				VALIDATE_PRODUCT = YES;
			};
			name = Release;
		};
		8487A6422BCEA32300C226F0 /* Debug */ = {
			isa = XCBuildConfiguration;
			baseConfigurationReference = 85E3FBD667C2966F522A7051 /* Pods-modul_15.debug.xcconfig */;
			buildSettings = {
				ASSETCATALOG_COMPILER_APPICON_NAME = AppIcon;
				ASSETCATALOG_COMPILER_GLOBAL_ACCENT_COLOR_NAME = AccentColor;
				CODE_SIGN_STYLE = Automatic;
				CURRENT_PROJECT_VERSION = 1;
				GENERATE_INFOPLIST_FILE = YES;
				INFOPLIST_FILE = modul_15/Info.plist;
				INFOPLIST_KEY_UIApplicationSupportsIndirectInputEvents = YES;
				INFOPLIST_KEY_UILaunchStoryboardName = LaunchScreen;
				INFOPLIST_KEY_UIMainStoryboardFile = Main;
				INFOPLIST_KEY_UISupportedInterfaceOrientations_iPad = "UIInterfaceOrientationPortrait UIInterfaceOrientationPortraitUpsideDown UIInterfaceOrientationLandscapeLeft UIInterfaceOrientationLandscapeRight";
				INFOPLIST_KEY_UISupportedInterfaceOrientations_iPhone = "UIInterfaceOrientationPortrait UIInterfaceOrientationLandscapeLeft UIInterfaceOrientationLandscapeRight";
				LD_RUNPATH_SEARCH_PATHS = (
					"$(inherited)",
					"@executable_path/Frameworks",
				);
				MARKETING_VERSION = 1.0;
				PRODUCT_BUNDLE_IDENTIFIER = "shodon.modul-15";
				PRODUCT_NAME = "$(TARGET_NAME)";
				SWIFT_EMIT_LOC_STRINGS = YES;
				SWIFT_VERSION = 5.0;
				TARGETED_DEVICE_FAMILY = "1,2";
			};
			name = Debug;
		};
		8487A6432BCEA32300C226F0 /* Release */ = {
			isa = XCBuildConfiguration;
			baseConfigurationReference = 9C5A677D5C55F3242C909BFF /* Pods-modul_15.release.xcconfig */;
			buildSettings = {
				ASSETCATALOG_COMPILER_APPICON_NAME = AppIcon;
				ASSETCATALOG_COMPILER_GLOBAL_ACCENT_COLOR_NAME = AccentColor;
				CODE_SIGN_STYLE = Automatic;
				CURRENT_PROJECT_VERSION = 1;
				GENERATE_INFOPLIST_FILE = YES;
				INFOPLIST_FILE = modul_15/Info.plist;
				INFOPLIST_KEY_UIApplicationSupportsIndirectInputEvents = YES;
				INFOPLIST_KEY_UILaunchStoryboardName = LaunchScreen;
				INFOPLIST_KEY_UIMainStoryboardFile = Main;
				INFOPLIST_KEY_UISupportedInterfaceOrientations_iPad = "UIInterfaceOrientationPortrait UIInterfaceOrientationPortraitUpsideDown UIInterfaceOrientationLandscapeLeft UIInterfaceOrientationLandscapeRight";
				INFOPLIST_KEY_UISupportedInterfaceOrientations_iPhone = "UIInterfaceOrientationPortrait UIInterfaceOrientationLandscapeLeft UIInterfaceOrientationLandscapeRight";
				LD_RUNPATH_SEARCH_PATHS = (
					"$(inherited)",
					"@executable_path/Frameworks",
				);
				MARKETING_VERSION = 1.0;
				PRODUCT_BUNDLE_IDENTIFIER = "shodon.modul-15";
				PRODUCT_NAME = "$(TARGET_NAME)";
				SWIFT_EMIT_LOC_STRINGS = YES;
				SWIFT_VERSION = 5.0;
				TARGETED_DEVICE_FAMILY = "1,2";
			};
			name = Release;
		};
/* End XCBuildConfiguration section */

/* Begin XCConfigurationList section */
		8487A6282BCEA32100C226F0 /* Build configuration list for PBXProject "modul_15" */ = {
			isa = XCConfigurationList;
			buildConfigurations = (
				8487A63F2BCEA32300C226F0 /* Debug */,
				8487A6402BCEA32300C226F0 /* Release */,
			);
			defaultConfigurationIsVisible = 0;
			defaultConfigurationName = Release;
		};
		8487A6412BCEA32300C226F0 /* Build configuration list for PBXNativeTarget "modul_15" */ = {
			isa = XCConfigurationList;
			buildConfigurations = (
				8487A6422BCEA32300C226F0 /* Debug */,
				8487A6432BCEA32300C226F0 /* Release */,
			);
			defaultConfigurationIsVisible = 0;
			defaultConfigurationName = Release;
		};
/* End XCConfigurationList section */
	};
	rootObject = 8487A6252BCEA32100C226F0 /* Project object */;
}
